<?xml version="1.0" encoding="utf-8"?>
<Project ToolsVersion="4.0" xmlns="http://schemas.microsoft.com/developer/msbuild/2003">
  <ItemGroup>
    <Filter Include="Archivos de origen">
      <UniqueIdentifier>{4FC737F1-C7A5-4376-A066-2A32D752A2FF}</UniqueIdentifier>
      <Extensions>cpp;c;cc;cxx;c++;cppm;ixx;def;odl;idl;hpj;bat;asm;asmx</Extensions>
    </Filter>
    <Filter Include="Archivos de encabezado">
      <UniqueIdentifier>{93995380-89BD-4b04-88EB-625FBE52EBFB}</UniqueIdentifier>
      <Extensions>h;hh;hpp;hxx;h++;hm;inl;inc;ipp;xsd</Extensions>
    </Filter>
    <Filter Include="Archivos de recursos">
      <UniqueIdentifier>{67DA6AB6-F800-4c08-8B7A-83BB121AAD01}</UniqueIdentifier>
      <Extensions>rc;ico;cur;bmp;dlg;rc2;rct;bin;rgs;gif;jpg;jpeg;jpe;resx;tiff;tif;png;wav;mfcribbon-ms</Extensions>
    </Filter>
    <Filter Include="Archivos de origen\Parallel">
      <UniqueIdentifier>{7e5eb17b-232a-4032-93d4-f2bc3071d6ad}</UniqueIdentifier>
    </Filter>
    <Filter Include="Archivos de origen\Sequential">
      <UniqueIdentifier>{8b4ec596-cba5-4a4f-9040-510f8b099ad8}</UniqueIdentifier>
    </Filter>
    <Filter Include="Archivos de origen\UI">
      <UniqueIdentifier>{27b66820-a06a-4410-bd4c-297f9429acd8}</UniqueIdentifier>
    </Filter>
    <Filter Include="Archivos de encabezado\Parallel">
      <UniqueIdentifier>{5cdf40f5-7a24-428a-bcdb-62173b1d45c5}</UniqueIdentifier>
    </Filter>
    <Filter Include="Archivos de encabezado\Sequential">
      <UniqueIdentifier>{4b55fbd3-7543-42da-8b5d-9694d9f63194}</UniqueIdentifier>
    </Filter>
    <Filter Include="Archivos de encabezado\UI">
      <UniqueIdentifier>{1a7f8514-674a-4738-9974-5315fb164581}</UniqueIdentifier>
    </Filter>
  </ItemGroup>
  <ItemGroup>
    <ClCompile Include="PROYECTO_2_PP2026.cpp">
      <Filter>Archivos de origen</Filter>
    </ClCompile>
    <ClCompile Include="Benchmark.cpp">
      <Filter>Archivos de origen</Filter>
    </ClCompile>
    <ClCompile Include="DictionaryCatalog.cpp">
      <Filter>Archivos de origen</Filter>
    </ClCompile>
    <ClCompile Include="Exceptions.cpp">
      <Filter>Archivos de origen</Filter>
    </ClCompile>
    <ClCompile Include="FlightDataSet.cpp">
      <Filter>Archivos de origen</Filter>
    </ClCompile>
    <ClCompile Include="Models.cpp">
      <Filter>Archivos de origen</Filter>
    </ClCompile>
    <ClCompile Include="ParallelAnalyzer.cpp">
      <Filter>Archivos de origen\Parallel</Filter>
    </ClCompile>
    <ClCompile Include="SequentialAnalyzer.cpp">
      <Filter>Archivos de origen\Sequential</Filter>
    </ClCompile>
    <ClCompile Include="Menu.cpp">
      <Filter>Archivos de origen\UI</Filter>
    </ClCompile>
  </ItemGroup>
  <ItemGroup>
    <ClInclude Include="Benchmark.h">
      <Filter>Archivos de encabezado</Filter>
    </ClInclude>
    <ClInclude Include="DictionaryCatalog.h">
      <Filter>Archivos de encabezado</Filter>
    </ClInclude>
    <ClInclude Include="Exceptions.h">
      <Filter>Archivos de encabezado</Filter>
    </ClInclude>
    <ClInclude Include="FlightDataSet.h">
      <Filter>Archivos de encabezado</Filter>
    </ClInclude>
    <ClInclude Include="Models.h">
      <Filter>Archivos de encabezado</Filter>
    </ClInclude>
    <ClInclude Include="Menu.h">
      <Filter>Archivos de encabezado\UI</Filter>
    </ClInclude>
    <ClInclude Include="SequentialAnalyzer.h">
      <Filter>Archivos de encabezado\Sequential</Filter>
    </ClInclude>
    <ClInclude Include="ParallelAnalyzer.h">
      <Filter>Archivos de encabezado\Parallel</Filter>
    </ClInclude>
  </ItemGroup>
</Project>